
Microsoft Visual Studio Solution File, Format Version 12.00
# Visual Studio Version 16
VisualStudioVersion = 16.0.33927.289
MinimumVisualStudioVersion = 10.0.40219.1
Project("{FAE04EC0-301F-11D3-BF4B-00C04F79EFBC}") = "ProyectoExamen", "ProyectoExamen\ProyectoExamen.csproj", "{B31FBBDB-C2E1-4641-B2DF-2346B9F160EE}"
EndProject
Global
	GlobalSection(SolutionConfigurationPlatforms) = preSolution
		Debug|Any CPU = Debug|Any CPU
		Release|Any CPU = Release|Any CPU
	EndGlobalSection
	GlobalSection(ProjectConfigurationPlatforms) = postSolution
		{B31FBBDB-C2E1-4641-B2DF-2346B9F160EE}.Debug|Any CPU.ActiveCfg = Debug|Any CPU
		{B31FBBDB-C2E1-4641-B2DF-2346B9F160EE}.Debug|Any CPU.Build.0 = Debug|Any CPU
		{B31FBBDB-C2E1-4641-B2DF-2346B9F160EE}.Release|Any CPU.ActiveCfg = Release|Any CPU
		{B31FBBDB-C2E1-4641-B2DF-2346B9F160EE}.Release|Any CPU.Build.0 = Release|Any CPU
	EndGlobalSection
	GlobalSection(SolutionProperties) = preSolution
		HideSolutionNode = FALSE
	EndGlobalSection
	GlobalSection(ExtensibilityGlobals) = postSolution
		SolutionGuid = {15D3E444-B4BA-4F0F-BD0F-9C3CD2F3FA05}
	EndGlobalSection
EndGlobal
